
Microsoft Visual Studio Solution File, Format Version 12.00
# Visual Studio Version 17
VisualStudioVersion = 17.5.2.0
MinimumVisualStudioVersion = 10.0.40219.1
Project("{FAE04EC0-301F-11D3-BF4B-00C04F79EFBC}") = "VismaResourceShortageManagement", "VismaResourceShortageManagement.csproj", "{9F7D6534-A775-8C28-9FE6-83E96CAB6C0E}"
EndProject
Project("{FAE04EC0-301F-11D3-BF4B-00C04F79EFBC}") = "VismaResourceShortageManagement.Tests", "..\VismaResourceShortageManagement.Tests\VismaResourceShortageManagement.Tests.csproj", "{D25EF19B-13CA-48A3-BBB2-33BFD54AE3EC}"
EndProject
Global
	GlobalSection(SolutionConfigurationPlatforms) = preSolution
		Debug|Any CPU = Debug|Any CPU
		Debug|x64 = Debug|x64
		Debug|x86 = Debug|x86
		Release|Any CPU = Release|Any CPU
		Release|x64 = Release|x64
		Release|x86 = Release|x86
	EndGlobalSection
	GlobalSection(ProjectConfigurationPlatforms) = postSolution
		{9F7D6534-A775-8C28-9FE6-83E96CAB6C0E}.Debug|Any CPU.ActiveCfg = Debug|Any CPU
		{9F7D6534-A775-8C28-9FE6-83E96CAB6C0E}.Debug|Any CPU.Build.0 = Debug|Any CPU
		{9F7D6534-A775-8C28-9FE6-83E96CAB6C0E}.Debug|x64.ActiveCfg = Debug|Any CPU
		{9F7D6534-A775-8C28-9FE6-83E96CAB6C0E}.Debug|x64.Build.0 = Debug|Any CPU
		{9F7D6534-A775-8C28-9FE6-83E96CAB6C0E}.Debug|x86.ActiveCfg = Debug|Any CPU
		{9F7D6534-A775-8C28-9FE6-83E96CAB6C0E}.Debug|x86.Build.0 = Debug|Any CPU
		{9F7D6534-A775-8C28-9FE6-83E96CAB6C0E}.Release|Any CPU.ActiveCfg = Release|Any CPU
		{9F7D6534-A775-8C28-9FE6-83E96CAB6C0E}.Release|Any CPU.Build.0 = Release|Any CPU
		{9F7D6534-A775-8C28-9FE6-83E96CAB6C0E}.Release|x64.ActiveCfg = Release|Any CPU
		{9F7D6534-A775-8C28-9FE6-83E96CAB6C0E}.Release|x64.Build.0 = Release|Any CPU
		{9F7D6534-A775-8C28-9FE6-83E96CAB6C0E}.Release|x86.ActiveCfg = Release|Any CPU
		{9F7D6534-A775-8C28-9FE6-83E96CAB6C0E}.Release|x86.Build.0 = Release|Any CPU
		{D25EF19B-13CA-48A3-BBB2-33BFD54AE3EC}.Debug|Any CPU.ActiveCfg = Debug|Any CPU
		{D25EF19B-13CA-48A3-BBB2-33BFD54AE3EC}.Debug|Any CPU.Build.0 = Debug|Any CPU
		{D25EF19B-13CA-48A3-BBB2-33BFD54AE3EC}.Debug|x64.ActiveCfg = Debug|Any CPU
		{D25EF19B-13CA-48A3-BBB2-33BFD54AE3EC}.Debug|x64.Build.0 = Debug|Any CPU
		{D25EF19B-13CA-48A3-BBB2-33BFD54AE3EC}.Debug|x86.ActiveCfg = Debug|Any CPU
		{D25EF19B-13CA-48A3-BBB2-33BFD54AE3EC}.Debug|x86.Build.0 = Debug|Any CPU
		{D25EF19B-13CA-48A3-BBB2-33BFD54AE3EC}.Release|Any CPU.ActiveCfg = Release|Any CPU
		{D25EF19B-13CA-48A3-BBB2-33BFD54AE3EC}.Release|Any CPU.Build.0 = Release|Any CPU
		{D25EF19B-13CA-48A3-BBB2-33BFD54AE3EC}.Release|x64.ActiveCfg = Release|Any CPU
		{D25EF19B-13CA-48A3-BBB2-33BFD54AE3EC}.Release|x64.Build.0 = Release|Any CPU
		{D25EF19B-13CA-48A3-BBB2-33BFD54AE3EC}.Release|x86.ActiveCfg = Release|Any CPU
		{D25EF19B-13CA-48A3-BBB2-33BFD54AE3EC}.Release|x86.Build.0 = Release|Any CPU
	EndGlobalSection
	GlobalSection(SolutionProperties) = preSolution
		HideSolutionNode = FALSE
	EndGlobalSection
	GlobalSection(ExtensibilityGlobals) = postSolution
		SolutionGuid = {8E33B9C9-6D25-43DF-8797-390DFD4B02C4}
	EndGlobalSection
EndGlobal
